<?xml version="1.0" encoding="utf-8"?>
<Project ToolsVersion="4.0" xmlns="http://schemas.microsoft.com/developer/msbuild/2003">
  <ItemGroup>
    <Filter Include="Arquivos de Origem">
      <UniqueIdentifier>{4FC737F1-C7A5-4376-A066-2A32D752A2FF}</UniqueIdentifier>
      <Extensions>cpp;c;cc;cxx;c++;cppm;ixx;def;odl;idl;hpj;bat;asm;asmx</Extensions>
    </Filter>
    <Filter Include="Arquivos de Cabeçalho">
      <UniqueIdentifier>{93995380-89BD-4b04-88EB-625FBE52EBFB}</UniqueIdentifier>
      <Extensions>h;hh;hpp;hxx;h++;hm;inl;inc;ipp;xsd</Extensions>
    </Filter>
    <Filter Include="Arquivos de Recurso">
      <UniqueIdentifier>{67DA6AB6-F800-4c08-8B7A-83BB121AAD01}</UniqueIdentifier>
      <Extensions>rc;ico;cur;bmp;dlg;rc2;rct;bin;rgs;gif;jpg;jpeg;jpe;resx;tiff;tif;png;wav;mfcribbon-ms</Extensions>
    </Filter>
    <Filter Include="Arquivos de Cabeçalho\Manager">
      <UniqueIdentifier>{64c06ea1-fff7-4cec-815b-afffc580370a}</UniqueIdentifier>
    </Filter>
    <Filter Include="Arquivos de Cabeçalho\Entity">
      <UniqueIdentifier>{64a6c900-1e82-4f12-a50b-c00e8ae57983}</UniqueIdentifier>
    </Filter>
    <Filter Include="Arquivos de Cabeçalho\Entity\character">
      <UniqueIdentifier>{ebbc0d13-d598-4d3e-bdee-79173961d905}</UniqueIdentifier>
    </Filter>
    <Filter Include="Arquivos de Cabeçalho\observer">
      <UniqueIdentifier>{50079556-88dc-476b-96ea-3cdfd7cc6701}</UniqueIdentifier>
    </Filter>
  </ItemGroup>
  <ItemGroup>
    <ClCompile Include="src\Ente.cpp">
      <Filter>Arquivos de Origem</Filter>
    </ClCompile>
    <ClCompile Include="src\Graphical_Manager.cpp">
      <Filter>Arquivos de Origem</Filter>
    </ClCompile>
    <ClCompile Include="src\Principal.cpp">
      <Filter>Arquivos de Origem</Filter>
    </ClCompile>
    <ClCompile Include="Zelda.cpp">
      <Filter>Arquivos de Origem</Filter>
    </ClCompile>
    <ClCompile Include="src\Entity.cpp">
      <Filter>Arquivos de Origem</Filter>
    </ClCompile>
    <ClCompile Include="src\Player.cpp">
      <Filter>Arquivos de Origem</Filter>
    </ClCompile>
    <ClCompile Include="src\Charecter.cpp">
      <Filter>Arquivos de Origem</Filter>
    </ClCompile>
    <ClCompile Include="src\Enemy.cpp">
      <Filter>Arquivos de Origem</Filter>
    </ClCompile>
  </ItemGroup>
  <ItemGroup>
    <ClInclude Include="include\Ente.h">
      <Filter>Arquivos de Cabeçalho</Filter>
    </ClInclude>
    <ClInclude Include="include\Principal.h">
      <Filter>Arquivos de Cabeçalho</Filter>
    </ClInclude>
    <ClInclude Include="include\Graphical_Manager.h">
      <Filter>Arquivos de Cabeçalho\Manager</Filter>
    </ClInclude>
    <ClInclude Include="include\IDs.h">
      <Filter>Arquivos de Cabeçalho</Filter>
    </ClInclude>
    <ClInclude Include="include\Player.h">
      <Filter>Arquivos de Cabeçalho\Entity\character</Filter>
    </ClInclude>
    <ClInclude Include="include\Entity.h">
      <Filter>Arquivos de Cabeçalho\Entity</Filter>
    </ClInclude>
    <ClInclude Include="include\Character.h">
      <Filter>Arquivos de Cabeçalho\Entity\character</Filter>
    </ClInclude>
    <ClInclude Include="include\Enemy.h">
      <Filter>Arquivos de Cabeçalho\Entity\character</Filter>
    </ClInclude>
    <ClInclude Include="include\Observer.h">
      <Filter>Arquivos de Cabeçalho\observer</Filter>
    </ClInclude>
    <ClInclude Include="include\Subject.h">
      <Filter>Arquivos de Cabeçalho\observer</Filter>
    </ClInclude>
    <ClInclude Include="include\EntityList.h">
      <Filter>Arquivos de Cabeçalho\Entity</Filter>
    </ClInclude>
    <ClInclude Include="include\list.h">
      <Filter>Arquivos de Cabeçalho</Filter>
    </ClInclude>
    <ClInclude Include="include\Input_Manager.h">
      <Filter>Arquivos de Cabeçalho\Manager</Filter>
    </ClInclude>
  </ItemGroup>
</Project>